// !$*UTF8*$!
{
	archiveVersion = 1;
	classes = {
	};
	objectVersion = 56;
	objects = {

/* Begin PBXBuildFile section */
		C908462529D19D8D0060E600 /* ShoppingAppApp.swift in Sources */ = {isa = PBXBuildFile; fileRef = C908462429D19D8D0060E600 /* ShoppingAppApp.swift */; };
		C908462729D19D8D0060E600 /* ContentView.swift in Sources */ = {isa = PBXBuildFile; fileRef = C908462629D19D8D0060E600 /* ContentView.swift */; };
		C908462929D19D8F0060E600 /* Assets.xcassets in Resources */ = {isa = PBXBuildFile; fileRef = C908462829D19D8F0060E600 /* Assets.xcassets */; };
		C908462C29D19D8F0060E600 /* Preview Assets.xcassets in Resources */ = {isa = PBXBuildFile; fileRef = C908462B29D19D8F0060E600 /* Preview Assets.xcassets */; };
		C908463329D19E8D0060E600 /* DataModel.swift in Sources */ = {isa = PBXBuildFile; fileRef = C908463229D19E8D0060E600 /* DataModel.swift */; };
		C908463829D19F890060E600 /* ProductCard.swift in Sources */ = {isa = PBXBuildFile; fileRef = C908463729D19F890060E600 /* ProductCard.swift */; };
		C9B930EC29D2D4B200F4585C /* Localizable.strings in Resources */ = {isa = PBXBuildFile; fileRef = C9B930EE29D2D4B200F4585C /* Localizable.strings */; };
		C9B930F229D2F2AE00F4585C /* ProductRow.swift in Sources */ = {isa = PBXBuildFile; fileRef = C9B930F129D2F2AE00F4585C /* ProductRow.swift */; };
		C9C100DC29D2C93B006BB465 /* CartButton.swift in Sources */ = {isa = PBXBuildFile; fileRef = C9C100DB29D2C93B006BB465 /* CartButton.swift */; };
		C9C100DE29D2CABC006BB465 /* CartView.swift in Sources */ = {isa = PBXBuildFile; fileRef = C9C100DD29D2CABC006BB465 /* CartView.swift */; };
		C9C100E029D2CB95006BB465 /* CartManager.swift in Sources */ = {isa = PBXBuildFile; fileRef = C9C100DF29D2CB95006BB465 /* CartManager.swift */; };
/* End PBXBuildFile section */

/* Begin PBXFileReference section */
		C908462129D19D8D0060E600 /* ShoppingApp.app */ = {isa = PBXFileReference; explicitFileType = wrapper.application; includeInIndex = 0; path = ShoppingApp.app; sourceTree = BUILT_PRODUCTS_DIR; };
		C908462429D19D8D0060E600 /* ShoppingAppApp.swift */ = {isa = PBXFileReference; lastKnownFileType = sourcecode.swift; path = ShoppingAppApp.swift; sourceTree = "<group>"; };
		C908462629D19D8D0060E600 /* ContentView.swift */ = {isa = PBXFileReference; lastKnownFileType = sourcecode.swift; path = ContentView.swift; sourceTree = "<group>"; };
		C908462829D19D8F0060E600 /* Assets.xcassets */ = {isa = PBXFileReference; lastKnownFileType = folder.assetcatalog; path = Assets.xcassets; sourceTree = "<group>"; };
		C908462B29D19D8F0060E600 /* Preview Assets.xcassets */ = {isa = PBXFileReference; lastKnownFileType = folder.assetcatalog; path = "Preview Assets.xcassets"; sourceTree = "<group>"; };
		C908463229D19E8D0060E600 /* DataModel.swift */ = {isa = PBXFileReference; lastKnownFileType = sourcecode.swift; path = DataModel.swift; sourceTree = "<group>"; };
		C908463729D19F890060E600 /* ProductCard.swift */ = {isa = PBXFileReference; lastKnownFileType = sourcecode.swift; path = ProductCard.swift; sourceTree = "<group>"; };
		C9B930ED29D2D4B200F4585C /* en */ = {isa = PBXFileReference; lastKnownFileType = text.plist.strings; name = en; path = en.lproj/Localizable.strings; sourceTree = "<group>"; };
		C9B930EF29D2D4D400F4585C /* ar */ = {isa = PBXFileReference; lastKnownFileType = text.plist.strings; name = ar; path = ar.lproj/Localizable.strings; sourceTree = "<group>"; };
		C9B930F029D2D4DE00F4585C /* hi */ = {isa = PBXFileReference; lastKnownFileType = text.plist.strings; name = hi; path = hi.lproj/Localizable.strings; sourceTree = "<group>"; };
		C9B930F129D2F2AE00F4585C /* ProductRow.swift */ = {isa = PBXFileReference; lastKnownFileType = sourcecode.swift; path = ProductRow.swift; sourceTree = "<group>"; };
		C9C100DB29D2C93B006BB465 /* CartButton.swift */ = {isa = PBXFileReference; lastKnownFileType = sourcecode.swift; path = CartButton.swift; sourceTree = "<group>"; };
		C9C100DD29D2CABC006BB465 /* CartView.swift */ = {isa = PBXFileReference; lastKnownFileType = sourcecode.swift; path = CartView.swift; sourceTree = "<group>"; };
		C9C100DF29D2CB95006BB465 /* CartManager.swift */ = {isa = PBXFileReference; lastKnownFileType = sourcecode.swift; path = CartManager.swift; sourceTree = "<group>"; };
/* End PBXFileReference section */

/* Begin PBXFrameworksBuildPhase section */
		C908461E29D19D8D0060E600 /* Frameworks */ = {
			isa = PBXFrameworksBuildPhase;
			buildActionMask = 2147483647;
			files = (
			);
			runOnlyForDeploymentPostprocessing = 0;
		};
/* End PBXFrameworksBuildPhase section */

/* Begin PBXGroup section */
		C908461829D19D8D0060E600 = {
			isa = PBXGroup;
			children = (
				C9B930EE29D2D4B200F4585C /* Localizable.strings */,
				C908462329D19D8D0060E600 /* ShoppingApp */,
				C908462229D19D8D0060E600 /* Products */,
			);
			sourceTree = "<group>";
		};
		C908462229D19D8D0060E600 /* Products */ = {
			isa = PBXGroup;
			children = (
				C908462129D19D8D0060E600 /* ShoppingApp.app */,
			);
			name = Products;
			sourceTree = "<group>";
		};
		C908462329D19D8D0060E600 /* ShoppingApp */ = {
			isa = PBXGroup;
			children = (
				C908463629D19F750060E600 /* Components */,
				C908463529D19F590060E600 /* Views */,
				C908463429D19F4A0060E600 /* Model */,
				C908462429D19D8D0060E600 /* ShoppingAppApp.swift */,
				C908462829D19D8F0060E600 /* Assets.xcassets */,
				C908462A29D19D8F0060E600 /* Preview Content */,
			);
			path = ShoppingApp;
			sourceTree = "<group>";
		};
		C908462A29D19D8F0060E600 /* Preview Content */ = {
			isa = PBXGroup;
			children = (
				C908462B29D19D8F0060E600 /* Preview Assets.xcassets */,
			);
			path = "Preview Content";
			sourceTree = "<group>";
		};
		C908463429D19F4A0060E600 /* Model */ = {
			isa = PBXGroup;
			children = (
				C908463229D19E8D0060E600 /* DataModel.swift */,
				C9C100DF29D2CB95006BB465 /* CartManager.swift */,
			);
			path = Model;
			sourceTree = "<group>";
		};
		C908463529D19F590060E600 /* Views */ = {
			isa = PBXGroup;
			children = (
				C908462629D19D8D0060E600 /* ContentView.swift */,
				C9C100DD29D2CABC006BB465 /* CartView.swift */,
			);
			path = Views;
			sourceTree = "<group>";
		};
		C908463629D19F750060E600 /* Components */ = {
			isa = PBXGroup;
			children = (
				C908463729D19F890060E600 /* ProductCard.swift */,
				C9C100DB29D2C93B006BB465 /* CartButton.swift */,
				C9B930F129D2F2AE00F4585C /* ProductRow.swift */,
			);
			path = Components;
			sourceTree = "<group>";
		};
/* End PBXGroup section */

/* Begin PBXNativeTarget section */
		C908462029D19D8D0060E600 /* ShoppingApp */ = {
			isa = PBXNativeTarget;
			buildConfigurationList = C908462F29D19D8F0060E600 /* Build configuration list for PBXNativeTarget "ShoppingApp" */;
			buildPhases = (
				C908461D29D19D8D0060E600 /* Sources */,
				C908461E29D19D8D0060E600 /* Frameworks */,
				C908461F29D19D8D0060E600 /* Resources */,
			);
			buildRules = (
			);
			dependencies = (
			);
			name = ShoppingApp;
			productName = ShoppingApp;
			productReference = C908462129D19D8D0060E600 /* ShoppingApp.app */;
			productType = "com.apple.product-type.application";
		};
/* End PBXNativeTarget section */

/* Begin PBXProject section */
		C908461929D19D8D0060E600 /* Project object */ = {
			isa = PBXProject;
			attributes = {
				BuildIndependentTargetsInParallel = 1;
				LastSwiftUpdateCheck = 1420;
				LastUpgradeCheck = 1420;
				TargetAttributes = {
					C908462029D19D8D0060E600 = {
						CreatedOnToolsVersion = 14.2;
					};
				};
			};
			buildConfigurationList = C908461C29D19D8D0060E600 /* Build configuration list for PBXProject "ShoppingApp" */;
			compatibilityVersion = "Xcode 14.0";
			developmentRegion = en;
			hasScannedForEncodings = 0;
			knownRegions = (
				en,
				Base,
				ar,
				hi,
			);
			mainGroup = C908461829D19D8D0060E600;
			productRefGroup = C908462229D19D8D0060E600 /* Products */;
			projectDirPath = "";
			projectRoot = "";
			targets = (
				C908462029D19D8D0060E600 /* ShoppingApp */,
			);
		};
/* End PBXProject section */

/* Begin PBXResourcesBuildPhase section */
		C908461F29D19D8D0060E600 /* Resources */ = {
			isa = PBXResourcesBuildPhase;
			buildActionMask = 2147483647;
			files = (
				C908462C29D19D8F0060E600 /* Preview Assets.xcassets in Resources */,
				C9B930EC29D2D4B200F4585C /* Localizable.strings in Resources */,
				C908462929D19D8F0060E600 /* Assets.xcassets in Resources */,
			);
			runOnlyForDeploymentPostprocessing = 0;
		};
/* End PBXResourcesBuildPhase section */

/* Begin PBXSourcesBuildPhase section */
		C908461D29D19D8D0060E600 /* Sources */ = {
			isa = PBXSourcesBuildPhase;
			buildActionMask = 2147483647;
			files = (
				C9C100DE29D2CABC006BB465 /* CartView.swift in Sources */,
				C908462729D19D8D0060E600 /* ContentView.swift in Sources */,
				C9C100E029D2CB95006BB465 /* CartManager.swift in Sources */,
				C908462529D19D8D0060E600 /* ShoppingAppApp.swift in Sources */,
				C9B930F229D2F2AE00F4585C /* ProductRow.swift in Sources */,
				C908463329D19E8D0060E600 /* DataModel.swift in Sources */,
				C908463829D19F890060E600 /* ProductCard.swift in Sources */,
				C9C100DC29D2C93B006BB465 /* CartButton.swift in Sources */,
			);
			runOnlyForDeploymentPostprocessing = 0;
		};
/* End PBXSourcesBuildPhase section */

/* Begin PBXVariantGroup section */
		C9B930EE29D2D4B200F4585C /* Localizable.strings */ = {
			isa = PBXVariantGroup;
			children = (
				C9B930ED29D2D4B200F4585C /* en */,
				C9B930EF29D2D4D400F4585C /* ar */,
				C9B930F029D2D4DE00F4585C /* hi */,
			);
			name = Localizable.strings;
			sourceTree = "<group>";
		};
/* End PBXVariantGroup section */

/* Begin XCBuildConfiguration section */
		C908462D29D19D8F0060E600 /* Debug */ = {
			isa = XCBuildConfiguration;
			buildSettings = {
				ALWAYS_SEARCH_USER_PATHS = NO;
				CLANG_ANALYZER_LOCALIZABILITY_NONLOCALIZED = YES;
				CLANG_ANALYZER_NONNULL = YES;
				CLANG_ANALYZER_NUMBER_OBJECT_CONVERSION = YES_AGGRESSIVE;
				CLANG_CXX_LANGUAGE_STANDARD = "gnu++20";
				CLANG_ENABLE_MODULES = YES;
				CLANG_ENABLE_OBJC_ARC = YES;
				CLANG_ENABLE_OBJC_WEAK = YES;
				CLANG_WARN_BLOCK_CAPTURE_AUTORELEASING = YES;
				CLANG_WARN_BOOL_CONVERSION = YES;
				CLANG_WARN_COMMA = YES;
				CLANG_WARN_CONSTANT_CONVERSION = YES;
				CLANG_WARN_DEPRECATED_OBJC_IMPLEMENTATIONS = YES;
				CLANG_WARN_DIRECT_OBJC_ISA_USAGE = YES_ERROR;
				CLANG_WARN_DOCUMENTATION_COMMENTS = YES;
				CLANG_WARN_EMPTY_BODY = YES;
				CLANG_WARN_ENUM_CONVERSION = YES;
				CLANG_WARN_INFINITE_RECURSION = YES;
				CLANG_WARN_INT_CONVERSION = YES;
				CLANG_WARN_NON_LITERAL_NULL_CONVERSION = YES;
				CLANG_WARN_OBJC_IMPLICIT_RETAIN_SELF = YES;
				CLANG_WARN_OBJC_LITERAL_CONVERSION = YES;
				CLANG_WARN_OBJC_ROOT_CLASS = YES_ERROR;
				CLANG_WARN_QUOTED_INCLUDE_IN_FRAMEWORK_HEADER = YES;
				CLANG_WARN_RANGE_LOOP_ANALYSIS = YES;
				CLANG_WARN_STRICT_PROTOTYPES = YES;
				CLANG_WARN_SUSPICIOUS_MOVE = YES;
				CLANG_WARN_UNGUARDED_AVAILABILITY = YES_AGGRESSIVE;
				CLANG_WARN_UNREACHABLE_CODE = YES;
				CLANG_WARN__DUPLICATE_METHOD_MATCH = YES;
				COPY_PHASE_STRIP = NO;
				DEBUG_INFORMATION_FORMAT = dwarf;
				ENABLE_STRICT_OBJC_MSGSEND = YES;
				ENABLE_TESTABILITY = YES;
				GCC_C_LANGUAGE_STANDARD = gnu11;
				GCC_DYNAMIC_NO_PIC = NO;
				GCC_NO_COMMON_BLOCKS = YES;
				GCC_OPTIMIZATION_LEVEL = 0;
				GCC_PREPROCESSOR_DEFINITIONS = (
					"DEBUG=1",
					"$(inherited)",
				);
				GCC_WARN_64_TO_32_BIT_CONVERSION = YES;
				GCC_WARN_ABOUT_RETURN_TYPE = YES_ERROR;
				GCC_WARN_UNDECLARED_SELECTOR = YES;
				GCC_WARN_UNINITIALIZED_AUTOS = YES_AGGRESSIVE;
				GCC_WARN_UNUSED_FUNCTION = YES;
				GCC_WARN_UNUSED_VARIABLE = YES;
				IPHONEOS_DEPLOYMENT_TARGET = 16.2;
				MTL_ENABLE_DEBUG_INFO = INCLUDE_SOURCE;
				MTL_FAST_MATH = YES;
				ONLY_ACTIVE_ARCH = YES;
				SDKROOT = iphoneos;
				SWIFT_ACTIVE_COMPILATION_CONDITIONS = DEBUG;
				SWIFT_OPTIMIZATION_LEVEL = "-Onone";
			};
			name = Debug;
		};
		C908462E29D19D8F0060E600 /* Release */ = {
			isa = XCBuildConfiguration;
			buildSettings = {
				ALWAYS_SEARCH_USER_PATHS = NO;
				CLANG_ANALYZER_LOCALIZABILITY_NONLOCALIZED = YES;
				CLANG_ANALYZER_NONNULL = YES;
				CLANG_ANALYZER_NUMBER_OBJECT_CONVERSION = YES_AGGRESSIVE;
				CLANG_CXX_LANGUAGE_STANDARD = "gnu++20";
				CLANG_ENABLE_MODULES = YES;
				CLANG_ENABLE_OBJC_ARC = YES;
				CLANG_ENABLE_OBJC_WEAK = YES;
				CLANG_WARN_BLOCK_CAPTURE_AUTORELEASING = YES;
				CLANG_WARN_BOOL_CONVERSION = YES;
				CLANG_WARN_COMMA = YES;
				CLANG_WARN_CONSTANT_CONVERSION = YES;
				CLANG_WARN_DEPRECATED_OBJC_IMPLEMENTATIONS = YES;
				CLANG_WARN_DIRECT_OBJC_ISA_USAGE = YES_ERROR;
				CLANG_WARN_DOCUMENTATION_COMMENTS = YES;
				CLANG_WARN_EMPTY_BODY = YES;
				CLANG_WARN_ENUM_CONVERSION = YES;
				CLANG_WARN_INFINITE_RECURSION = YES;
				CLANG_WARN_INT_CONVERSION = YES;
				CLANG_WARN_NON_LITERAL_NULL_CONVERSION = YES;
				CLANG_WARN_OBJC_IMPLICIT_RETAIN_SELF = YES;
				CLANG_WARN_OBJC_LITERAL_CONVERSION = YES;
				CLANG_WARN_OBJC_ROOT_CLASS = YES_ERROR;
				CLANG_WARN_QUOTED_INCLUDE_IN_FRAMEWORK_HEADER = YES;
				CLANG_WARN_RANGE_LOOP_ANALYSIS = YES;
				CLANG_WARN_STRICT_PROTOTYPES = YES;
				CLANG_WARN_SUSPICIOUS_MOVE = YES;
				CLANG_WARN_UNGUARDED_AVAILABILITY = YES_AGGRESSIVE;
				CLANG_WARN_UNREACHABLE_CODE = YES;
				CLANG_WARN__DUPLICATE_METHOD_MATCH = YES;
				COPY_PHASE_STRIP = NO;
				DEBUG_INFORMATION_FORMAT = "dwarf-with-dsym";
				ENABLE_NS_ASSERTIONS = NO;
				ENABLE_STRICT_OBJC_MSGSEND = YES;
				GCC_C_LANGUAGE_STANDARD = gnu11;
				GCC_NO_COMMON_BLOCKS = YES;
				GCC_WARN_64_TO_32_BIT_CONVERSION = YES;
				GCC_WARN_ABOUT_RETURN_TYPE = YES_ERROR;
				GCC_WARN_UNDECLARED_SELECTOR = YES;
				GCC_WARN_UNINITIALIZED_AUTOS = YES_AGGRESSIVE;
				GCC_WARN_UNUSED_FUNCTION = YES;
				GCC_WARN_UNUSED_VARIABLE = YES;
				IPHONEOS_DEPLOYMENT_TARGET = 16.2;
				MTL_ENABLE_DEBUG_INFO = NO;
				MTL_FAST_MATH = YES;
				SDKROOT = iphoneos;
				SWIFT_COMPILATION_MODE = wholemodule;
				SWIFT_OPTIMIZATION_LEVEL = "-O";
				VALIDATE_PRODUCT = YES;
			};
			name = Release;
		};
		C908463029D19D8F0060E600 /* Debug */ = {
			isa = XCBuildConfiguration;
			buildSettings = {
				ASSETCATALOG_COMPILER_APPICON_NAME = AppIcon;
				ASSETCATALOG_COMPILER_GLOBAL_ACCENT_COLOR_NAME = AccentColor;
				CODE_SIGN_STYLE = Automatic;
				CURRENT_PROJECT_VERSION = 1;
				DEVELOPMENT_ASSET_PATHS = "\"ShoppingApp/Preview Content\"";
				ENABLE_PREVIEWS = YES;
				GENERATE_INFOPLIST_FILE = YES;
				INFOPLIST_KEY_UIApplicationSceneManifest_Generation = YES;
				INFOPLIST_KEY_UIApplicationSupportsIndirectInputEvents = YES;
				INFOPLIST_KEY_UILaunchScreen_Generation = YES;
				INFOPLIST_KEY_UISupportedInterfaceOrientations_iPad = "UIInterfaceOrientationPortrait UIInterfaceOrientationPortraitUpsideDown UIInterfaceOrientationLandscapeLeft UIInterfaceOrientationLandscapeRight";
				INFOPLIST_KEY_UISupportedInterfaceOrientations_iPhone = "UIInterfaceOrientationPortrait UIInterfaceOrientationLandscapeLeft UIInterfaceOrientationLandscapeRight";
				LD_RUNPATH_SEARCH_PATHS = (
					"$(inherited)",
					"@executable_path/Frameworks",
				);
				MARKETING_VERSION = 1.0;
				PRODUCT_BUNDLE_IDENTIFIER = Hriday.ShoppingApp;
				PRODUCT_NAME = "$(TARGET_NAME)";
				SWIFT_EMIT_LOC_STRINGS = YES;
				SWIFT_VERSION = 5.0;
				TARGETED_DEVICE_FAMILY = "1,2";
			};
			name = Debug;
		};
		C908463129D19D8F0060E600 /* Release */ = {
			isa = XCBuildConfiguration;
			buildSettings = {
				ASSETCATALOG_COMPILER_APPICON_NAME = AppIcon;
				ASSETCATALOG_COMPILER_GLOBAL_ACCENT_COLOR_NAME = AccentColor;
				CODE_SIGN_STYLE = Automatic;
				CURRENT_PROJECT_VERSION = 1;
				DEVELOPMENT_ASSET_PATHS = "\"ShoppingApp/Preview Content\"";
				ENABLE_PREVIEWS = YES;
				GENERATE_INFOPLIST_FILE = YES;
				INFOPLIST_KEY_UIApplicationSceneManifest_Generation = YES;
				INFOPLIST_KEY_UIApplicationSupportsIndirectInputEvents = YES;
				INFOPLIST_KEY_UILaunchScreen_Generation = YES;
				INFOPLIST_KEY_UISupportedInterfaceOrientations_iPad = "UIInterfaceOrientationPortrait UIInterfaceOrientationPortraitUpsideDown UIInterfaceOrientationLandscapeLeft UIInterfaceOrientationLandscapeRight";
				INFOPLIST_KEY_UISupportedInterfaceOrientations_iPhone = "UIInterfaceOrientationPortrait UIInterfaceOrientationLandscapeLeft UIInterfaceOrientationLandscapeRight";
				LD_RUNPATH_SEARCH_PATHS = (
					"$(inherited)",
					"@executable_path/Frameworks",
				);
				MARKETING_VERSION = 1.0;
				PRODUCT_BUNDLE_IDENTIFIER = Hriday.ShoppingApp;
				PRODUCT_NAME = "$(TARGET_NAME)";
				SWIFT_EMIT_LOC_STRINGS = YES;
				SWIFT_VERSION = 5.0;
				TARGETED_DEVICE_FAMILY = "1,2";
			};
			name = Release;
		};
/* End XCBuildConfiguration section */

/* Begin XCConfigurationList section */
		C908461C29D19D8D0060E600 /* Build configuration list for PBXProject "ShoppingApp" */ = {
			isa = XCConfigurationList;
			buildConfigurations = (
				C908462D29D19D8F0060E600 /* Debug */,
				C908462E29D19D8F0060E600 /* Release */,
			);
			defaultConfigurationIsVisible = 0;
			defaultConfigurationName = Release;
		};
		C908462F29D19D8F0060E600 /* Build configuration list for PBXNativeTarget "ShoppingApp" */ = {
			isa = XCConfigurationList;
			buildConfigurations = (
				C908463029D19D8F0060E600 /* Debug */,
				C908463129D19D8F0060E600 /* Release */,
			);
			defaultConfigurationIsVisible = 0;
			defaultConfigurationName = Release;
		};
/* End XCConfigurationList section */
	};
	rootObject = C908461929D19D8D0060E600 /* Project object */;
}
